dependencies:
- name: common
  repository: https://charts.bitnami.com/bitnami
  version: 2.31.3
- name: moodle
  repository: https://charts.bitnami.com/bitnami
  version: 27.0.3
digest: sha256:416aa33c6745b7ce8de2f9a9f4a4d2818f8e5aa5ee14106ee477ece775550986
generated: "2025-08-06T09:11:16.392437333+01:00"
